{
  "name": "ache-negocio-saas",
  "lockfileVersion": 3,
  "requires": true,
  "packages": {
    "": {
      "name": "ache-negocio-saas",
      "version": "1.0.0",
      "dependencies": {
        "lucide-react": "^0.276.0"
      }
    },
    "node_modules/lucide-react": {
      "version": "0.276.0",
      "resolved": "https://registry.npmjs.org/lucide-react/-/lucide-react-0.276.0.tgz",
      "integrity": "sha512-/fOy1fOSG2o+okYVnD7+iRyWVAfJmfjHMOAPZ3JYZjeRERs5LFHoY2oHkZzJrh84qDy4WDBTkfZyWR7SAQn7WA==",
      "dependencies": {
        "react": "^18.0.0"
      }
    }
  }
}
